
Microsoft Visual Studio Solution File, Format Version 12.00
# Visual Studio 15
VisualStudioVersion = 15.0.28010.2036
MinimumVisualStudioVersion = 10.0.40219.1
Project("{FAE04EC0-301F-11D3-BF4B-00C04F79EFBC}") = "CognitiveSkill", "CognitiveSkill\CognitiveSkill.csproj", "{9E6A53C5-3CEC-4295-ADD2-31A368C019ED}"
EndProject
Global
	GlobalSection(SolutionConfigurationPlatforms) = preSolution
		Debug|Any CPU = Debug|Any CPU
		Release|Any CPU = Release|Any CPU
	EndGlobalSection
	GlobalSection(ProjectConfigurationPlatforms) = postSolution
		{9E6A53C5-3CEC-4295-ADD2-31A368C019ED}.Debug|Any CPU.ActiveCfg = Debug|Any CPU
		{9E6A53C5-3CEC-4295-ADD2-31A368C019ED}.Debug|Any CPU.Build.0 = Debug|Any CPU
		{9E6A53C5-3CEC-4295-ADD2-31A368C019ED}.Release|Any CPU.ActiveCfg = Release|Any CPU
		{9E6A53C5-3CEC-4295-ADD2-31A368C019ED}.Release|Any CPU.Build.0 = Release|Any CPU
	EndGlobalSection
	GlobalSection(SolutionProperties) = preSolution
		HideSolutionNode = FALSE
	EndGlobalSection
	GlobalSection(ExtensibilityGlobals) = postSolution
		SolutionGuid = {CF8F2C35-53C4-4708-8EE4-8F023C19033D}
	EndGlobalSection
EndGlobal
